
Microsoft Visual Studio Solution File, Format Version 12.00
# Visual Studio Version 16
VisualStudioVersion = 16.0.29905.134
MinimumVisualStudioVersion = 10.0.40219.1
Project("{8BC9CEB8-8B4A-11D0-8D11-00A0C91BC942}") = "Shors-Cuda-Optimization", "Shors-Cuda-Optimization.vcxproj", "{72981F03-7E10-4A5D-85DA-D3BA491F368F}"
EndProject
Global
	GlobalSection(SolutionConfigurationPlatforms) = preSolution
		Debug|x64 = Debug|x64
		Release|x64 = Release|x64
	EndGlobalSection
	GlobalSection(ProjectConfigurationPlatforms) = postSolution
		{72981F03-7E10-4A5D-85DA-D3BA491F368F}.Debug|x64.ActiveCfg = Debug|x64
		{72981F03-7E10-4A5D-85DA-D3BA491F368F}.Debug|x64.Build.0 = Debug|x64
		{72981F03-7E10-4A5D-85DA-D3BA491F368F}.Release|x64.ActiveCfg = Release|x64
		{72981F03-7E10-4A5D-85DA-D3BA491F368F}.Release|x64.Build.0 = Release|x64
	EndGlobalSection
	GlobalSection(SolutionProperties) = preSolution
		HideSolutionNode = FALSE
	EndGlobalSection
	GlobalSection(ExtensibilityGlobals) = postSolution
		SolutionGuid = {682CC780-625B-4DCC-8F3F-8537543E8EB0}
	EndGlobalSection
EndGlobal
